
Microsoft Visual Studio Solution File, Format Version 12.00
# Visual Studio Version 17
VisualStudioVersion = 17.13.35931.197 d17.13
MinimumVisualStudioVersion = 10.0.40219.1
Project("{FAE04EC0-301F-11D3-BF4B-00C04F79EFBC}") = "exam", "exam\exam.csproj", "{CCF99D8B-A637-4551-A410-BD3BB536DC6C}"
EndProject
Global
	GlobalSection(SolutionConfigurationPlatforms) = preSolution
		Debug|Any CPU = Debug|Any CPU
		Release|Any CPU = Release|Any CPU
	EndGlobalSection
	GlobalSection(ProjectConfigurationPlatforms) = postSolution
		{CCF99D8B-A637-4551-A410-BD3BB536DC6C}.Debug|Any CPU.ActiveCfg = Debug|Any CPU
		{CCF99D8B-A637-4551-A410-BD3BB536DC6C}.Debug|Any CPU.Build.0 = Debug|Any CPU
		{CCF99D8B-A637-4551-A410-BD3BB536DC6C}.Release|Any CPU.ActiveCfg = Release|Any CPU
		{CCF99D8B-A637-4551-A410-BD3BB536DC6C}.Release|Any CPU.Build.0 = Release|Any CPU
	EndGlobalSection
	GlobalSection(SolutionProperties) = preSolution
		HideSolutionNode = FALSE
	EndGlobalSection
	GlobalSection(ExtensibilityGlobals) = postSolution
		SolutionGuid = {0E3F1C4E-170B-44AC-B50D-924FF88AA4FA}
	EndGlobalSection
EndGlobal
